# This file is automatically @generated by Cargo.
# It is not intended for manual editing.
version = 3

[[package]]
name = "specado-cli"
version = "0.1.0"

[[package]]
name = "specado-core"
version = "0.1.0"

[[package]]
name = "specado-node"
version = "0.1.0"

[[package]]
name = "specado-providers"
version = "0.1.0"

[[package]]
name = "specado-py"
version = "0.1.0"

[[package]]
name = "specado-schemas"
version = "0.1.0"
